
Microsoft Visual Studio Solution File, Format Version 12.00
# Visual Studio Version 17
VisualStudioVersion = 17.14.35906.104
MinimumVisualStudioVersion = 10.0.40219.1
Project("{2150E333-8FDC-42A3-9474-1A3956D46DE8}") = "Lesson_2", "Lesson_2", "{36D591C7-65C7-A0D1-1CBC-10CDE441BDC8}"
EndProject
Project("{FAE04EC0-301F-11D3-BF4B-00C04F79EFBC}") = "Task_02_02", "Task_02_02\Task_02_02.csproj", "{AF65512C-33C4-4B3C-9EF7-DC64AE37EAB6}"
EndProject
Project("{FAE04EC0-301F-11D3-BF4B-00C04F79EFBC}") = "Task_02_04!", "Task_02_04!\Task_02_04!.csproj", "{6C4AECAF-4AC3-4AE3-930D-A30A29CA742E}"
EndProject
Project("{2150E333-8FDC-42A3-9474-1A3956D46DE8}") = "Lesson_9", "Lesson_9", "{3B00E82F-A9F8-4C00-98E1-06548AB1324B}"
EndProject
Project("{FAE04EC0-301F-11D3-BF4B-00C04F79EFBC}") = "Task_14_03", "Task_14_03\Task_14_03.csproj", "{3B888BF1-9F01-4050-9611-76FB159A624E}"
EndProject
Global
	GlobalSection(SolutionConfigurationPlatforms) = preSolution
		Debug|Any CPU = Debug|Any CPU
		Release|Any CPU = Release|Any CPU
	EndGlobalSection
	GlobalSection(ProjectConfigurationPlatforms) = postSolution
		{AF65512C-33C4-4B3C-9EF7-DC64AE37EAB6}.Debug|Any CPU.ActiveCfg = Debug|Any CPU
		{AF65512C-33C4-4B3C-9EF7-DC64AE37EAB6}.Debug|Any CPU.Build.0 = Debug|Any CPU
		{AF65512C-33C4-4B3C-9EF7-DC64AE37EAB6}.Release|Any CPU.ActiveCfg = Release|Any CPU
		{AF65512C-33C4-4B3C-9EF7-DC64AE37EAB6}.Release|Any CPU.Build.0 = Release|Any CPU
		{6C4AECAF-4AC3-4AE3-930D-A30A29CA742E}.Debug|Any CPU.ActiveCfg = Debug|Any CPU
		{6C4AECAF-4AC3-4AE3-930D-A30A29CA742E}.Debug|Any CPU.Build.0 = Debug|Any CPU
		{6C4AECAF-4AC3-4AE3-930D-A30A29CA742E}.Release|Any CPU.ActiveCfg = Release|Any CPU
		{6C4AECAF-4AC3-4AE3-930D-A30A29CA742E}.Release|Any CPU.Build.0 = Release|Any CPU
		{3B888BF1-9F01-4050-9611-76FB159A624E}.Debug|Any CPU.ActiveCfg = Debug|Any CPU
		{3B888BF1-9F01-4050-9611-76FB159A624E}.Debug|Any CPU.Build.0 = Debug|Any CPU
		{3B888BF1-9F01-4050-9611-76FB159A624E}.Release|Any CPU.ActiveCfg = Release|Any CPU
		{3B888BF1-9F01-4050-9611-76FB159A624E}.Release|Any CPU.Build.0 = Release|Any CPU
	EndGlobalSection
	GlobalSection(SolutionProperties) = preSolution
		HideSolutionNode = FALSE
	EndGlobalSection
	GlobalSection(NestedProjects) = preSolution
		{AF65512C-33C4-4B3C-9EF7-DC64AE37EAB6} = {36D591C7-65C7-A0D1-1CBC-10CDE441BDC8}
		{6C4AECAF-4AC3-4AE3-930D-A30A29CA742E} = {36D591C7-65C7-A0D1-1CBC-10CDE441BDC8}
		{3B888BF1-9F01-4050-9611-76FB159A624E} = {3B00E82F-A9F8-4C00-98E1-06548AB1324B}
	EndGlobalSection
	GlobalSection(ExtensibilityGlobals) = postSolution
		SolutionGuid = {4A11E09E-105C-4F80-AB51-4349E2099E03}
	EndGlobalSection
EndGlobal
