
Microsoft Visual Studio Solution File, Format Version 12.00
# Visual Studio Version 17
VisualStudioVersion = 17.14.35906.104
MinimumVisualStudioVersion = 10.0.40219.1
Project("{2150E333-8FDC-42A3-9474-1A3956D46DE8}") = "Lesson_2", "Lesson_2", "{36D591C7-65C7-A0D1-1CBC-10CDE441BDC8}"
EndProject
Project("{FAE04EC0-301F-11D3-BF4B-00C04F79EFBC}") = "Task_02_02", "Task_02_02\Task_02_02.csproj", "{AF65512C-33C4-4B3C-9EF7-DC64AE37EAB6}"
EndProject
Project("{FAE04EC0-301F-11D3-BF4B-00C04F79EFBC}") = "Task_02_04!", "Task_02_04!\Task_02_04!.csproj", "{6C4AECAF-4AC3-4AE3-930D-A30A29CA742E}"
EndProject
Project("{2150E333-8FDC-42A3-9474-1A3956D46DE8}") = "Lesson_14", "Lesson_14", "{3B00E82F-A9F8-4C00-98E1-06548AB1324B}"
EndProject
Project("{FAE04EC0-301F-11D3-BF4B-00C04F79EFBC}") = "Task_14_03", "Task_14_03\Task_14_03.csproj", "{3B888BF1-9F01-4050-9611-76FB159A624E}"
EndProject
Project("{FAE04EC0-301F-11D3-BF4B-00C04F79EFBC}") = "Task_14_04", "Task_14_04\Task_14_04.csproj", "{CC8BA12E-B87D-4239-93F2-1CEADF044E65}"
EndProject
Project("{2150E333-8FDC-42A3-9474-1A3956D46DE8}") = "Lesson_3", "Lesson_3", "{EC506674-0188-41A8-83C7-BB3F607457B4}"
EndProject
Project("{FAE04EC0-301F-11D3-BF4B-00C04F79EFBC}") = "Task_03_04!", "Task_03_04!\Task_03_04!.csproj", "{9896314A-4707-4855-9AB1-DC30C6B7FCB9}"
EndProject
Project("{FAE04EC0-301F-11D3-BF4B-00C04F79EFBC}") = "Task_03_05", "Task_03_05\Task_03_05.csproj", "{51822627-5898-4587-AD3B-E4E0C90B73A2}"
EndProject
Project("{FAE04EC0-301F-11D3-BF4B-00C04F79EFBC}") = "Task_03_06", "Task_03_06\Task_03_06.csproj", "{32ED36A5-CD4B-4578-9776-319BAC7A5F77}"
EndProject
Project("{FAE04EC0-301F-11D3-BF4B-00C04F79EFBC}") = "Task_03_07", "Task_03_07\Task_03_07.csproj", "{5BA915C8-FFF6-4D94-AA2D-183A10922DDA}"
EndProject
Project("{FAE04EC0-301F-11D3-BF4B-00C04F79EFBC}") = "Task_03_08", "Task_03_08\Task_03_08.csproj", "{4A8260E2-C9FC-4A35-8826-DD7753B6ABA9}"
EndProject
Project("{FAE04EC0-301F-11D3-BF4B-00C04F79EFBC}") = "Task_03_09", "Task_03_09\Task_03_09.csproj", "{757883FF-FF46-4F1F-B193-75A043B7E4E6}"
EndProject
Project("{2150E333-8FDC-42A3-9474-1A3956D46DE8}") = "Практические", "Практические", "{9676DA63-9ED4-45CD-9307-A7308FABF7A6}"
EndProject
Project("{FAE04EC0-301F-11D3-BF4B-00C04F79EFBC}") = "PT_02_01", "PT_02_01\PT_02_01.csproj", "{44020FD7-FA4C-4EB5-9F65-5EDF4286A8B8}"
EndProject
Project("{FAE04EC0-301F-11D3-BF4B-00C04F79EFBC}") = "Task_24_06", "Task_24_06\Task_24_06.csproj", "{7735486C-25D5-4E48-B200-61293B4FFBBF}"
EndProject
Project("{FAE04EC0-301F-11D3-BF4B-00C04F79EFBC}") = "Task_24_07", "Task_24_07\Task_24_07.csproj", "{9AB07F6A-DF66-4AFE-835F-AE3D9D11D613}"
EndProject
Project("{FAE04EC0-301F-11D3-BF4B-00C04F79EFBC}") = "Task_24_08", "Task_24_08\Task_24_08.csproj", "{9679584B-B65B-4395-8CA5-ED5AB4BB141A}"
EndProject
Project("{FAE04EC0-301F-11D3-BF4B-00C04F79EFBC}") = "Й", "Й\Й.csproj", "{9B35D02D-7B6A-448F-A69F-37BC12E4EF1E}"
EndProject
Project("{FAE04EC0-301F-11D3-BF4B-00C04F79EFBC}") = "Task_38_04", "WpfApp1\Task_38_04.csproj", "{96BF85E2-B645-44EA-8256-1023FB1B0166}"
EndProject
Global
	GlobalSection(SolutionConfigurationPlatforms) = preSolution
		Debug|Any CPU = Debug|Any CPU
		Release|Any CPU = Release|Any CPU
	EndGlobalSection
	GlobalSection(ProjectConfigurationPlatforms) = postSolution
		{AF65512C-33C4-4B3C-9EF7-DC64AE37EAB6}.Debug|Any CPU.ActiveCfg = Debug|Any CPU
		{AF65512C-33C4-4B3C-9EF7-DC64AE37EAB6}.Debug|Any CPU.Build.0 = Debug|Any CPU
		{AF65512C-33C4-4B3C-9EF7-DC64AE37EAB6}.Release|Any CPU.ActiveCfg = Release|Any CPU
		{AF65512C-33C4-4B3C-9EF7-DC64AE37EAB6}.Release|Any CPU.Build.0 = Release|Any CPU
		{6C4AECAF-4AC3-4AE3-930D-A30A29CA742E}.Debug|Any CPU.ActiveCfg = Debug|Any CPU
		{6C4AECAF-4AC3-4AE3-930D-A30A29CA742E}.Debug|Any CPU.Build.0 = Debug|Any CPU
		{6C4AECAF-4AC3-4AE3-930D-A30A29CA742E}.Release|Any CPU.ActiveCfg = Release|Any CPU
		{6C4AECAF-4AC3-4AE3-930D-A30A29CA742E}.Release|Any CPU.Build.0 = Release|Any CPU
		{3B888BF1-9F01-4050-9611-76FB159A624E}.Debug|Any CPU.ActiveCfg = Debug|Any CPU
		{3B888BF1-9F01-4050-9611-76FB159A624E}.Debug|Any CPU.Build.0 = Debug|Any CPU
		{3B888BF1-9F01-4050-9611-76FB159A624E}.Release|Any CPU.ActiveCfg = Release|Any CPU
		{3B888BF1-9F01-4050-9611-76FB159A624E}.Release|Any CPU.Build.0 = Release|Any CPU
		{CC8BA12E-B87D-4239-93F2-1CEADF044E65}.Debug|Any CPU.ActiveCfg = Debug|Any CPU
		{CC8BA12E-B87D-4239-93F2-1CEADF044E65}.Debug|Any CPU.Build.0 = Debug|Any CPU
		{CC8BA12E-B87D-4239-93F2-1CEADF044E65}.Release|Any CPU.ActiveCfg = Release|Any CPU
		{CC8BA12E-B87D-4239-93F2-1CEADF044E65}.Release|Any CPU.Build.0 = Release|Any CPU
		{9896314A-4707-4855-9AB1-DC30C6B7FCB9}.Debug|Any CPU.ActiveCfg = Debug|Any CPU
		{9896314A-4707-4855-9AB1-DC30C6B7FCB9}.Debug|Any CPU.Build.0 = Debug|Any CPU
		{9896314A-4707-4855-9AB1-DC30C6B7FCB9}.Release|Any CPU.ActiveCfg = Release|Any CPU
		{9896314A-4707-4855-9AB1-DC30C6B7FCB9}.Release|Any CPU.Build.0 = Release|Any CPU
		{51822627-5898-4587-AD3B-E4E0C90B73A2}.Debug|Any CPU.ActiveCfg = Debug|Any CPU
		{51822627-5898-4587-AD3B-E4E0C90B73A2}.Debug|Any CPU.Build.0 = Debug|Any CPU
		{51822627-5898-4587-AD3B-E4E0C90B73A2}.Release|Any CPU.ActiveCfg = Release|Any CPU
		{51822627-5898-4587-AD3B-E4E0C90B73A2}.Release|Any CPU.Build.0 = Release|Any CPU
		{32ED36A5-CD4B-4578-9776-319BAC7A5F77}.Debug|Any CPU.ActiveCfg = Debug|Any CPU
		{32ED36A5-CD4B-4578-9776-319BAC7A5F77}.Debug|Any CPU.Build.0 = Debug|Any CPU
		{32ED36A5-CD4B-4578-9776-319BAC7A5F77}.Release|Any CPU.ActiveCfg = Release|Any CPU
		{32ED36A5-CD4B-4578-9776-319BAC7A5F77}.Release|Any CPU.Build.0 = Release|Any CPU
		{5BA915C8-FFF6-4D94-AA2D-183A10922DDA}.Debug|Any CPU.ActiveCfg = Debug|Any CPU
		{5BA915C8-FFF6-4D94-AA2D-183A10922DDA}.Debug|Any CPU.Build.0 = Debug|Any CPU
		{5BA915C8-FFF6-4D94-AA2D-183A10922DDA}.Release|Any CPU.ActiveCfg = Release|Any CPU
		{5BA915C8-FFF6-4D94-AA2D-183A10922DDA}.Release|Any CPU.Build.0 = Release|Any CPU
		{4A8260E2-C9FC-4A35-8826-DD7753B6ABA9}.Debug|Any CPU.ActiveCfg = Debug|Any CPU
		{4A8260E2-C9FC-4A35-8826-DD7753B6ABA9}.Debug|Any CPU.Build.0 = Debug|Any CPU
		{4A8260E2-C9FC-4A35-8826-DD7753B6ABA9}.Release|Any CPU.ActiveCfg = Release|Any CPU
		{4A8260E2-C9FC-4A35-8826-DD7753B6ABA9}.Release|Any CPU.Build.0 = Release|Any CPU
		{757883FF-FF46-4F1F-B193-75A043B7E4E6}.Debug|Any CPU.ActiveCfg = Debug|Any CPU
		{757883FF-FF46-4F1F-B193-75A043B7E4E6}.Debug|Any CPU.Build.0 = Debug|Any CPU
		{757883FF-FF46-4F1F-B193-75A043B7E4E6}.Release|Any CPU.ActiveCfg = Release|Any CPU
		{757883FF-FF46-4F1F-B193-75A043B7E4E6}.Release|Any CPU.Build.0 = Release|Any CPU
		{44020FD7-FA4C-4EB5-9F65-5EDF4286A8B8}.Debug|Any CPU.ActiveCfg = Debug|Any CPU
		{44020FD7-FA4C-4EB5-9F65-5EDF4286A8B8}.Debug|Any CPU.Build.0 = Debug|Any CPU
		{44020FD7-FA4C-4EB5-9F65-5EDF4286A8B8}.Release|Any CPU.ActiveCfg = Release|Any CPU
		{44020FD7-FA4C-4EB5-9F65-5EDF4286A8B8}.Release|Any CPU.Build.0 = Release|Any CPU
		{7735486C-25D5-4E48-B200-61293B4FFBBF}.Debug|Any CPU.ActiveCfg = Debug|Any CPU
		{7735486C-25D5-4E48-B200-61293B4FFBBF}.Debug|Any CPU.Build.0 = Debug|Any CPU
		{7735486C-25D5-4E48-B200-61293B4FFBBF}.Release|Any CPU.ActiveCfg = Release|Any CPU
		{7735486C-25D5-4E48-B200-61293B4FFBBF}.Release|Any CPU.Build.0 = Release|Any CPU
		{9AB07F6A-DF66-4AFE-835F-AE3D9D11D613}.Debug|Any CPU.ActiveCfg = Debug|Any CPU
		{9AB07F6A-DF66-4AFE-835F-AE3D9D11D613}.Debug|Any CPU.Build.0 = Debug|Any CPU
		{9AB07F6A-DF66-4AFE-835F-AE3D9D11D613}.Release|Any CPU.ActiveCfg = Release|Any CPU
		{9AB07F6A-DF66-4AFE-835F-AE3D9D11D613}.Release|Any CPU.Build.0 = Release|Any CPU
		{9679584B-B65B-4395-8CA5-ED5AB4BB141A}.Debug|Any CPU.ActiveCfg = Debug|Any CPU
		{9679584B-B65B-4395-8CA5-ED5AB4BB141A}.Debug|Any CPU.Build.0 = Debug|Any CPU
		{9679584B-B65B-4395-8CA5-ED5AB4BB141A}.Release|Any CPU.ActiveCfg = Release|Any CPU
		{9679584B-B65B-4395-8CA5-ED5AB4BB141A}.Release|Any CPU.Build.0 = Release|Any CPU
		{9B35D02D-7B6A-448F-A69F-37BC12E4EF1E}.Debug|Any CPU.ActiveCfg = Debug|Any CPU
		{9B35D02D-7B6A-448F-A69F-37BC12E4EF1E}.Debug|Any CPU.Build.0 = Debug|Any CPU
		{9B35D02D-7B6A-448F-A69F-37BC12E4EF1E}.Release|Any CPU.ActiveCfg = Release|Any CPU
		{9B35D02D-7B6A-448F-A69F-37BC12E4EF1E}.Release|Any CPU.Build.0 = Release|Any CPU
		{96BF85E2-B645-44EA-8256-1023FB1B0166}.Debug|Any CPU.ActiveCfg = Debug|Any CPU
		{96BF85E2-B645-44EA-8256-1023FB1B0166}.Debug|Any CPU.Build.0 = Debug|Any CPU
		{96BF85E2-B645-44EA-8256-1023FB1B0166}.Release|Any CPU.ActiveCfg = Release|Any CPU
		{96BF85E2-B645-44EA-8256-1023FB1B0166}.Release|Any CPU.Build.0 = Release|Any CPU
	EndGlobalSection
	GlobalSection(SolutionProperties) = preSolution
		HideSolutionNode = FALSE
	EndGlobalSection
	GlobalSection(NestedProjects) = preSolution
		{AF65512C-33C4-4B3C-9EF7-DC64AE37EAB6} = {36D591C7-65C7-A0D1-1CBC-10CDE441BDC8}
		{6C4AECAF-4AC3-4AE3-930D-A30A29CA742E} = {36D591C7-65C7-A0D1-1CBC-10CDE441BDC8}
		{3B888BF1-9F01-4050-9611-76FB159A624E} = {3B00E82F-A9F8-4C00-98E1-06548AB1324B}
		{CC8BA12E-B87D-4239-93F2-1CEADF044E65} = {3B00E82F-A9F8-4C00-98E1-06548AB1324B}
		{9896314A-4707-4855-9AB1-DC30C6B7FCB9} = {EC506674-0188-41A8-83C7-BB3F607457B4}
		{51822627-5898-4587-AD3B-E4E0C90B73A2} = {EC506674-0188-41A8-83C7-BB3F607457B4}
		{32ED36A5-CD4B-4578-9776-319BAC7A5F77} = {EC506674-0188-41A8-83C7-BB3F607457B4}
		{5BA915C8-FFF6-4D94-AA2D-183A10922DDA} = {EC506674-0188-41A8-83C7-BB3F607457B4}
		{4A8260E2-C9FC-4A35-8826-DD7753B6ABA9} = {EC506674-0188-41A8-83C7-BB3F607457B4}
		{757883FF-FF46-4F1F-B193-75A043B7E4E6} = {EC506674-0188-41A8-83C7-BB3F607457B4}
		{44020FD7-FA4C-4EB5-9F65-5EDF4286A8B8} = {9676DA63-9ED4-45CD-9307-A7308FABF7A6}
		{9B35D02D-7B6A-448F-A69F-37BC12E4EF1E} = {3B00E82F-A9F8-4C00-98E1-06548AB1324B}
	EndGlobalSection
	GlobalSection(ExtensibilityGlobals) = postSolution
		SolutionGuid = {4A11E09E-105C-4F80-AB51-4349E2099E03}
	EndGlobalSection
EndGlobal
